
Microsoft Visual Studio Solution File, Format Version 12.00
Project("{FAE04EC0-301F-11D3-BF4B-00C04F79EFBC}") = "Mission8_Team0101", "Mission8_Team0101\Mission8_Team0101.csproj", "{310DADDD-999C-4FCF-A300-F803804B2631}"
EndProject
Global
	GlobalSection(SolutionConfigurationPlatforms) = preSolution
		Debug|Any CPU = Debug|Any CPU
		Release|Any CPU = Release|Any CPU
	EndGlobalSection
	GlobalSection(ProjectConfigurationPlatforms) = postSolution
		{310DADDD-999C-4FCF-A300-F803804B2631}.Debug|Any CPU.ActiveCfg = Debug|Any CPU
		{310DADDD-999C-4FCF-A300-F803804B2631}.Debug|Any CPU.Build.0 = Debug|Any CPU
		{310DADDD-999C-4FCF-A300-F803804B2631}.Release|Any CPU.ActiveCfg = Release|Any CPU
		{310DADDD-999C-4FCF-A300-F803804B2631}.Release|Any CPU.Build.0 = Release|Any CPU
	EndGlobalSection
EndGlobal
